
Microsoft Visual Studio Solution File, Format Version 12.00
# Visual Studio Version 16
VisualStudioVersion = 16.0.30002.166
MinimumVisualStudioVersion = 10.0.40219.1
Project("{9A19103F-16F7-4668-BE54-9A1E7A4F7556}") = "SocketClientBeta", "SocketClientBeta\SocketClientBeta.csproj", "{4AAABFF0-4E37-4107-B2DB-0F60634616FB}"
EndProject
Project("{9A19103F-16F7-4668-BE54-9A1E7A4F7556}") = "MutilThread", "MutilThread\MutilThread.csproj", "{D9F50B53-4587-40F8-A315-1B4E26755919}"
EndProject
Project("{FAE04EC0-301F-11D3-BF4B-00C04F79EFBC}") = "LimitService", "LimitService\LimitService.csproj", "{35CAE42B-68D4-4E36-BA2D-46619D74E05F}"
EndProject
Project("{FAE04EC0-301F-11D3-BF4B-00C04F79EFBC}") = "RequestsPerSecond", "RequestsPerSecond\RequestsPerSecond.csproj", "{FFACBA06-989B-43D3-8CD5-865D5DF5C3FA}"
EndProject
Global
	GlobalSection(SolutionConfigurationPlatforms) = preSolution
		Debug|Any CPU = Debug|Any CPU
		Release|Any CPU = Release|Any CPU
	EndGlobalSection
	GlobalSection(ProjectConfigurationPlatforms) = postSolution
		{4AAABFF0-4E37-4107-B2DB-0F60634616FB}.Debug|Any CPU.ActiveCfg = Debug|Any CPU
		{4AAABFF0-4E37-4107-B2DB-0F60634616FB}.Debug|Any CPU.Build.0 = Debug|Any CPU
		{4AAABFF0-4E37-4107-B2DB-0F60634616FB}.Release|Any CPU.ActiveCfg = Release|Any CPU
		{4AAABFF0-4E37-4107-B2DB-0F60634616FB}.Release|Any CPU.Build.0 = Release|Any CPU
		{D9F50B53-4587-40F8-A315-1B4E26755919}.Debug|Any CPU.ActiveCfg = Debug|Any CPU
		{D9F50B53-4587-40F8-A315-1B4E26755919}.Debug|Any CPU.Build.0 = Debug|Any CPU
		{D9F50B53-4587-40F8-A315-1B4E26755919}.Release|Any CPU.ActiveCfg = Release|Any CPU
		{D9F50B53-4587-40F8-A315-1B4E26755919}.Release|Any CPU.Build.0 = Release|Any CPU
		{35CAE42B-68D4-4E36-BA2D-46619D74E05F}.Debug|Any CPU.ActiveCfg = Debug|Any CPU
		{35CAE42B-68D4-4E36-BA2D-46619D74E05F}.Debug|Any CPU.Build.0 = Debug|Any CPU
		{35CAE42B-68D4-4E36-BA2D-46619D74E05F}.Release|Any CPU.ActiveCfg = Release|Any CPU
		{35CAE42B-68D4-4E36-BA2D-46619D74E05F}.Release|Any CPU.Build.0 = Release|Any CPU
		{FFACBA06-989B-43D3-8CD5-865D5DF5C3FA}.Debug|Any CPU.ActiveCfg = Debug|Any CPU
		{FFACBA06-989B-43D3-8CD5-865D5DF5C3FA}.Debug|Any CPU.Build.0 = Debug|Any CPU
		{FFACBA06-989B-43D3-8CD5-865D5DF5C3FA}.Release|Any CPU.ActiveCfg = Release|Any CPU
		{FFACBA06-989B-43D3-8CD5-865D5DF5C3FA}.Release|Any CPU.Build.0 = Release|Any CPU
	EndGlobalSection
	GlobalSection(SolutionProperties) = preSolution
		HideSolutionNode = FALSE
	EndGlobalSection
	GlobalSection(ExtensibilityGlobals) = postSolution
		SolutionGuid = {BB184E89-4171-4781-A922-D8E6DCC4D4AD}
	EndGlobalSection
EndGlobal
